// !$*UTF8*$!
{
	archiveVersion = 1;
	classes = {
	};
	objectVersion = 50;
	objects = {

/* Begin PBXBuildFile section */
		90386A7F20FC62AB00E881C6 /* PortfolioStockDetailedViewController.swift in Sources */ = {isa = PBXBuildFile; fileRef = 90386A7E20FC62AB00E881C6 /* PortfolioStockDetailedViewController.swift */; };
		90386A8220FD128C00E881C6 /* ChartViewController.swift in Sources */ = {isa = PBXBuildFile; fileRef = 90386A8120FD128C00E881C6 /* ChartViewController.swift */; };
		9039455F20F75C2900DBA0A4 /* ClientIntegrationTests.swift in Sources */ = {isa = PBXBuildFile; fileRef = 9039455E20F75C2900DBA0A4 /* ClientIntegrationTests.swift */; };
		9039456120F97EA200DBA0A4 /* Ticker.swift in Sources */ = {isa = PBXBuildFile; fileRef = 9039456020F97EA200DBA0A4 /* Ticker.swift */; };
		9039456420F9804A00DBA0A4 /* TickerTests.swift in Sources */ = {isa = PBXBuildFile; fileRef = 9039456320F9804A00DBA0A4 /* TickerTests.swift */; };
		906D3A2720DF6FD80076C1D1 /* Earning.swift in Sources */ = {isa = PBXBuildFile; fileRef = 906D3A2620DF6FD80076C1D1 /* Earning.swift */; };
		906D3A2920DF7ADE0076C1D1 /* EarningTests.swift in Sources */ = {isa = PBXBuildFile; fileRef = 906D3A2820DF7ADE0076C1D1 /* EarningTests.swift */; };
		906D3A2B20DF9E200076C1D1 /* Dividend.swift in Sources */ = {isa = PBXBuildFile; fileRef = 906D3A2A20DF9E200076C1D1 /* Dividend.swift */; };
		906D3A2D20DF9F280076C1D1 /* DividendTests.swift in Sources */ = {isa = PBXBuildFile; fileRef = 906D3A2C20DF9F280076C1D1 /* DividendTests.swift */; };
		907EAAC920CD1CE900F9A267 /* Constants.swift in Sources */ = {isa = PBXBuildFile; fileRef = 907EAAC820CD1CE900F9A267 /* Constants.swift */; };
		907EAACD20CF390300F9A267 /* DelayedQuote.swift in Sources */ = {isa = PBXBuildFile; fileRef = 907EAACC20CF390300F9A267 /* DelayedQuote.swift */; };
		9081271920C58BAA00AC3ABB /* AppDelegate.swift in Sources */ = {isa = PBXBuildFile; fileRef = 9081271820C58BAA00AC3ABB /* AppDelegate.swift */; };
		9081271B20C58BAA00AC3ABB /* MyPortfolioViewController.swift in Sources */ = {isa = PBXBuildFile; fileRef = 9081271A20C58BAA00AC3ABB /* MyPortfolioViewController.swift */; };
		9081271E20C58BAA00AC3ABB /* Main.storyboard in Resources */ = {isa = PBXBuildFile; fileRef = 9081271C20C58BAA00AC3ABB /* Main.storyboard */; };
		9081272020C58BAB00AC3ABB /* Assets.xcassets in Resources */ = {isa = PBXBuildFile; fileRef = 9081271F20C58BAB00AC3ABB /* Assets.xcassets */; };
		9081272320C58BAB00AC3ABB /* LaunchScreen.storyboard in Resources */ = {isa = PBXBuildFile; fileRef = 9081272120C58BAB00AC3ABB /* LaunchScreen.storyboard */; };
		90A1995620F235F500F2F561 /* EndPoint.swift in Sources */ = {isa = PBXBuildFile; fileRef = 90A1995520F235F500F2F561 /* EndPoint.swift */; };
		90A1995820F236E700F2F561 /* API.swift in Sources */ = {isa = PBXBuildFile; fileRef = 90A1995720F236E700F2F561 /* API.swift */; };
		90A1995A20F24E6200F2F561 /* Client.swift in Sources */ = {isa = PBXBuildFile; fileRef = 90A1995920F24E6200F2F561 /* Client.swift */; };
		90B8C5A720DDEC7C00DB3E81 /* DelayedQuoteTests.swift in Sources */ = {isa = PBXBuildFile; fileRef = 90B8C5A620DDEC7C00DB3E81 /* DelayedQuoteTests.swift */; };
		90B8C5A920DE15A800DB3E81 /* Chart.swift in Sources */ = {isa = PBXBuildFile; fileRef = 90B8C5A820DE15A800DB3E81 /* Chart.swift */; };
		90B8C5AB20DE2C6900DB3E81 /* ChartTests.swift in Sources */ = {isa = PBXBuildFile; fileRef = 90B8C5AA20DE2C6900DB3E81 /* ChartTests.swift */; };
		90BF749820E1424100C1DEBB /* Financials.swift in Sources */ = {isa = PBXBuildFile; fileRef = 90BF749720E1424100C1DEBB /* Financials.swift */; };
		90BF749A20E14F6900C1DEBB /* FinancialsTests.swift in Sources */ = {isa = PBXBuildFile; fileRef = 90BF749920E14F6900C1DEBB /* FinancialsTests.swift */; };
		90BF749E20E28AE300C1DEBB /* LastTradedPrice.swift in Sources */ = {isa = PBXBuildFile; fileRef = 90BF749D20E28AE300C1DEBB /* LastTradedPrice.swift */; };
		90BF74A020E28D4900C1DEBB /* LastTradedPriceTests.swift in Sources */ = {isa = PBXBuildFile; fileRef = 90BF749F20E28D4900C1DEBB /* LastTradedPriceTests.swift */; };
		90BF74A220E30B2600C1DEBB /* CoreDataStack.swift in Sources */ = {isa = PBXBuildFile; fileRef = 90BF74A120E30B2600C1DEBB /* CoreDataStack.swift */; };
		90BF74B720E6146500C1DEBB /* Stock.swift in Sources */ = {isa = PBXBuildFile; fileRef = 90BF74B620E6146500C1DEBB /* Stock.swift */; };
		90F9B1F120FB6AFE00BBD22C /* StockPortfolio_v1.xcdatamodeld in Sources */ = {isa = PBXBuildFile; fileRef = 90F9B1EF20FB6AFE00BBD22C /* StockPortfolio_v1.xcdatamodeld */; };
		90F9B1F620FB6DE100BBD22C /* StockTicker+CoreDataClass.swift in Sources */ = {isa = PBXBuildFile; fileRef = 90F9B1F220FB6DE100BBD22C /* StockTicker+CoreDataClass.swift */; };
		90F9B1F720FB6DE100BBD22C /* StockTicker+CoreDataProperties.swift in Sources */ = {isa = PBXBuildFile; fileRef = 90F9B1F320FB6DE100BBD22C /* StockTicker+CoreDataProperties.swift */; };
		90F9B1F820FB6DE100BBD22C /* Portfolio+CoreDataClass.swift in Sources */ = {isa = PBXBuildFile; fileRef = 90F9B1F420FB6DE100BBD22C /* Portfolio+CoreDataClass.swift */; };
		90F9B1F920FB6DE100BBD22C /* Portfolio+CoreDataProperties.swift in Sources */ = {isa = PBXBuildFile; fileRef = 90F9B1F520FB6DE100BBD22C /* Portfolio+CoreDataProperties.swift */; };
		90F9B1FB20FB927400BBD22C /* CustomTableViewCell.swift in Sources */ = {isa = PBXBuildFile; fileRef = 90F9B1FA20FB927400BBD22C /* CustomTableViewCell.swift */; };
		F961AADF880B1F791A562D52 /* Pods_StockPortfolioApp.framework in Frameworks */ = {isa = PBXBuildFile; fileRef = 37A3E2A577E5DB2F6077115C /* Pods_StockPortfolioApp.framework */; };
		FDC09DAF9018D554B22E847F /* Pods_StockPortfolioAppTests.framework in Frameworks */ = {isa = PBXBuildFile; fileRef = 1284F88ADA2AC37CF03F2BBF /* Pods_StockPortfolioAppTests.framework */; };
/* End PBXBuildFile section */

/* Begin PBXContainerItemProxy section */
		90CA7B4620CD122C003A9C92 /* PBXContainerItemProxy */ = {
			isa = PBXContainerItemProxy;
			containerPortal = 9081270D20C58BAA00AC3ABB /* Project object */;
			proxyType = 1;
			remoteGlobalIDString = 9081271420C58BAA00AC3ABB;
			remoteInfo = StockPortfolioApp;
		};
/* End PBXContainerItemProxy section */

/* Begin PBXFileReference section */
		1284F88ADA2AC37CF03F2BBF /* Pods_StockPortfolioAppTests.framework */ = {isa = PBXFileReference; explicitFileType = wrapper.framework; includeInIndex = 0; path = Pods_StockPortfolioAppTests.framework; sourceTree = BUILT_PRODUCTS_DIR; };
		37A3E2A577E5DB2F6077115C /* Pods_StockPortfolioApp.framework */ = {isa = PBXFileReference; explicitFileType = wrapper.framework; includeInIndex = 0; path = Pods_StockPortfolioApp.framework; sourceTree = BUILT_PRODUCTS_DIR; };
		7986B371B8D6EF0C27657879 /* Pods-StockPortfolioApp.release.xcconfig */ = {isa = PBXFileReference; includeInIndex = 1; lastKnownFileType = text.xcconfig; name = "Pods-StockPortfolioApp.release.xcconfig"; path = "Pods/Target Support Files/Pods-StockPortfolioApp/Pods-StockPortfolioApp.release.xcconfig"; sourceTree = "<group>"; };
		90386A7E20FC62AB00E881C6 /* PortfolioStockDetailedViewController.swift */ = {isa = PBXFileReference; lastKnownFileType = sourcecode.swift; path = PortfolioStockDetailedViewController.swift; sourceTree = "<group>"; };
		90386A8120FD128C00E881C6 /* ChartViewController.swift */ = {isa = PBXFileReference; lastKnownFileType = sourcecode.swift; path = ChartViewController.swift; sourceTree = "<group>"; };
		90386A8320FD94E900E881C6 /* README.md */ = {isa = PBXFileReference; lastKnownFileType = net.daringfireball.markdown; path = README.md; sourceTree = "<group>"; };
		9039455E20F75C2900DBA0A4 /* ClientIntegrationTests.swift */ = {isa = PBXFileReference; lastKnownFileType = sourcecode.swift; path = ClientIntegrationTests.swift; sourceTree = "<group>"; };
		9039456020F97EA200DBA0A4 /* Ticker.swift */ = {isa = PBXFileReference; lastKnownFileType = sourcecode.swift; path = Ticker.swift; sourceTree = "<group>"; };
		9039456320F9804A00DBA0A4 /* TickerTests.swift */ = {isa = PBXFileReference; lastKnownFileType = sourcecode.swift; path = TickerTests.swift; sourceTree = "<group>"; };
		906D3A2620DF6FD80076C1D1 /* Earning.swift */ = {isa = PBXFileReference; lastKnownFileType = sourcecode.swift; path = Earning.swift; sourceTree = "<group>"; };
		906D3A2820DF7ADE0076C1D1 /* EarningTests.swift */ = {isa = PBXFileReference; lastKnownFileType = sourcecode.swift; path = EarningTests.swift; sourceTree = "<group>"; };
		906D3A2A20DF9E200076C1D1 /* Dividend.swift */ = {isa = PBXFileReference; lastKnownFileType = sourcecode.swift; path = Dividend.swift; sourceTree = "<group>"; };
		906D3A2C20DF9F280076C1D1 /* DividendTests.swift */ = {isa = PBXFileReference; lastKnownFileType = sourcecode.swift; path = DividendTests.swift; sourceTree = "<group>"; };
		907EAAC820CD1CE900F9A267 /* Constants.swift */ = {isa = PBXFileReference; lastKnownFileType = sourcecode.swift; path = Constants.swift; sourceTree = "<group>"; };
		907EAACC20CF390300F9A267 /* DelayedQuote.swift */ = {isa = PBXFileReference; lastKnownFileType = sourcecode.swift; path = DelayedQuote.swift; sourceTree = "<group>"; };
		9081271520C58BAA00AC3ABB /* StockPortfolioApp.app */ = {isa = PBXFileReference; explicitFileType = wrapper.application; includeInIndex = 0; path = StockPortfolioApp.app; sourceTree = BUILT_PRODUCTS_DIR; };
		9081271820C58BAA00AC3ABB /* AppDelegate.swift */ = {isa = PBXFileReference; lastKnownFileType = sourcecode.swift; path = AppDelegate.swift; sourceTree = "<group>"; };
		9081271A20C58BAA00AC3ABB /* MyPortfolioViewController.swift */ = {isa = PBXFileReference; lastKnownFileType = sourcecode.swift; path = MyPortfolioViewController.swift; sourceTree = "<group>"; };
		9081271D20C58BAA00AC3ABB /* Base */ = {isa = PBXFileReference; lastKnownFileType = file.storyboard; name = Base; path = Base.lproj/Main.storyboard; sourceTree = "<group>"; };
		9081271F20C58BAB00AC3ABB /* Assets.xcassets */ = {isa = PBXFileReference; lastKnownFileType = folder.assetcatalog; path = Assets.xcassets; sourceTree = "<group>"; };
		9081272220C58BAB00AC3ABB /* Base */ = {isa = PBXFileReference; lastKnownFileType = file.storyboard; name = Base; path = Base.lproj/LaunchScreen.storyboard; sourceTree = "<group>"; };
		9081272420C58BAB00AC3ABB /* Info.plist */ = {isa = PBXFileReference; lastKnownFileType = text.plist.xml; path = Info.plist; sourceTree = "<group>"; };
		90A1995520F235F500F2F561 /* EndPoint.swift */ = {isa = PBXFileReference; lastKnownFileType = sourcecode.swift; path = EndPoint.swift; sourceTree = "<group>"; };
		90A1995720F236E700F2F561 /* API.swift */ = {isa = PBXFileReference; lastKnownFileType = sourcecode.swift; path = API.swift; sourceTree = "<group>"; };
		90A1995920F24E6200F2F561 /* Client.swift */ = {isa = PBXFileReference; lastKnownFileType = sourcecode.swift; path = Client.swift; sourceTree = "<group>"; };
		90B8C5A620DDEC7C00DB3E81 /* DelayedQuoteTests.swift */ = {isa = PBXFileReference; lastKnownFileType = sourcecode.swift; path = DelayedQuoteTests.swift; sourceTree = "<group>"; };
		90B8C5A820DE15A800DB3E81 /* Chart.swift */ = {isa = PBXFileReference; lastKnownFileType = sourcecode.swift; path = Chart.swift; sourceTree = "<group>"; };
		90B8C5AA20DE2C6900DB3E81 /* ChartTests.swift */ = {isa = PBXFileReference; lastKnownFileType = sourcecode.swift; path = ChartTests.swift; sourceTree = "<group>"; };
		90BF749720E1424100C1DEBB /* Financials.swift */ = {isa = PBXFileReference; lastKnownFileType = sourcecode.swift; path = Financials.swift; sourceTree = "<group>"; };
		90BF749920E14F6900C1DEBB /* FinancialsTests.swift */ = {isa = PBXFileReference; lastKnownFileType = sourcecode.swift; path = FinancialsTests.swift; sourceTree = "<group>"; };
		90BF749D20E28AE300C1DEBB /* LastTradedPrice.swift */ = {isa = PBXFileReference; lastKnownFileType = sourcecode.swift; path = LastTradedPrice.swift; sourceTree = "<group>"; };
		90BF749F20E28D4900C1DEBB /* LastTradedPriceTests.swift */ = {isa = PBXFileReference; lastKnownFileType = sourcecode.swift; path = LastTradedPriceTests.swift; sourceTree = "<group>"; };
		90BF74A120E30B2600C1DEBB /* CoreDataStack.swift */ = {isa = PBXFileReference; lastKnownFileType = sourcecode.swift; path = CoreDataStack.swift; sourceTree = "<group>"; };
		90BF74B620E6146500C1DEBB /* Stock.swift */ = {isa = PBXFileReference; lastKnownFileType = sourcecode.swift; path = Stock.swift; sourceTree = "<group>"; };
		90CA7B3920CD0833003A9C92 /* Alamofire.framework */ = {isa = PBXFileReference; explicitFileType = wrapper.framework; path = Alamofire.framework; sourceTree = BUILT_PRODUCTS_DIR; };
		90CA7B4120CD122C003A9C92 /* StockPortfolioAppTests.xctest */ = {isa = PBXFileReference; explicitFileType = wrapper.cfbundle; includeInIndex = 0; path = StockPortfolioAppTests.xctest; sourceTree = BUILT_PRODUCTS_DIR; };
		90CA7B4520CD122C003A9C92 /* Info.plist */ = {isa = PBXFileReference; lastKnownFileType = text.plist.xml; path = Info.plist; sourceTree = "<group>"; };
		90F9B1F020FB6AFE00BBD22C /* StockPortfolio_v1.xcdatamodel */ = {isa = PBXFileReference; lastKnownFileType = wrapper.xcdatamodel; path = StockPortfolio_v1.xcdatamodel; sourceTree = "<group>"; };
		90F9B1F220FB6DE100BBD22C /* StockTicker+CoreDataClass.swift */ = {isa = PBXFileReference; lastKnownFileType = sourcecode.swift; path = "StockTicker+CoreDataClass.swift"; sourceTree = "<group>"; };
		90F9B1F320FB6DE100BBD22C /* StockTicker+CoreDataProperties.swift */ = {isa = PBXFileReference; lastKnownFileType = sourcecode.swift; path = "StockTicker+CoreDataProperties.swift"; sourceTree = "<group>"; };
		90F9B1F420FB6DE100BBD22C /* Portfolio+CoreDataClass.swift */ = {isa = PBXFileReference; lastKnownFileType = sourcecode.swift; path = "Portfolio+CoreDataClass.swift"; sourceTree = "<group>"; };
		90F9B1F520FB6DE100BBD22C /* Portfolio+CoreDataProperties.swift */ = {isa = PBXFileReference; lastKnownFileType = sourcecode.swift; path = "Portfolio+CoreDataProperties.swift"; sourceTree = "<group>"; };
		90F9B1FA20FB927400BBD22C /* CustomTableViewCell.swift */ = {isa = PBXFileReference; lastKnownFileType = sourcecode.swift; path = CustomTableViewCell.swift; sourceTree = "<group>"; };
		AC606364A20009EE86E7FE25 /* Pods-StockPortfolioAppTests.debug.xcconfig */ = {isa = PBXFileReference; includeInIndex = 1; lastKnownFileType = text.xcconfig; name = "Pods-StockPortfolioAppTests.debug.xcconfig"; path = "Pods/Target Support Files/Pods-StockPortfolioAppTests/Pods-StockPortfolioAppTests.debug.xcconfig"; sourceTree = "<group>"; };
		DD2C9901A85FDB041744A2B8 /* Pods-StockPortfolioAppTests.release.xcconfig */ = {isa = PBXFileReference; includeInIndex = 1; lastKnownFileType = text.xcconfig; name = "Pods-StockPortfolioAppTests.release.xcconfig"; path = "Pods/Target Support Files/Pods-StockPortfolioAppTests/Pods-StockPortfolioAppTests.release.xcconfig"; sourceTree = "<group>"; };
		F1CDBDC867A257926BB37747 /* Pods-StockPortfolioApp.debug.xcconfig */ = {isa = PBXFileReference; includeInIndex = 1; lastKnownFileType = text.xcconfig; name = "Pods-StockPortfolioApp.debug.xcconfig"; path = "Pods/Target Support Files/Pods-StockPortfolioApp/Pods-StockPortfolioApp.debug.xcconfig"; sourceTree = "<group>"; };
/* End PBXFileReference section */

/* Begin PBXFrameworksBuildPhase section */
		9081271220C58BAA00AC3ABB /* Frameworks */ = {
			isa = PBXFrameworksBuildPhase;
			buildActionMask = 2147483647;
			files = (
				F961AADF880B1F791A562D52 /* Pods_StockPortfolioApp.framework in Frameworks */,
			);
			runOnlyForDeploymentPostprocessing = 0;
		};
		90CA7B3E20CD122C003A9C92 /* Frameworks */ = {
			isa = PBXFrameworksBuildPhase;
			buildActionMask = 2147483647;
			files = (
				FDC09DAF9018D554B22E847F /* Pods_StockPortfolioAppTests.framework in Frameworks */,
			);
			runOnlyForDeploymentPostprocessing = 0;
		};
/* End PBXFrameworksBuildPhase section */

/* Begin PBXGroup section */
		4823A2043DC92F8464EAC497 /* Pods */ = {
			isa = PBXGroup;
			children = (
				F1CDBDC867A257926BB37747 /* Pods-StockPortfolioApp.debug.xcconfig */,
				7986B371B8D6EF0C27657879 /* Pods-StockPortfolioApp.release.xcconfig */,
				AC606364A20009EE86E7FE25 /* Pods-StockPortfolioAppTests.debug.xcconfig */,
				DD2C9901A85FDB041744A2B8 /* Pods-StockPortfolioAppTests.release.xcconfig */,
			);
			name = Pods;
			sourceTree = "<group>";
		};
		9039456220F9802900DBA0A4 /* Models */ = {
			isa = PBXGroup;
			children = (
				90B8C5A620DDEC7C00DB3E81 /* DelayedQuoteTests.swift */,
				90B8C5AA20DE2C6900DB3E81 /* ChartTests.swift */,
				906D3A2820DF7ADE0076C1D1 /* EarningTests.swift */,
				906D3A2C20DF9F280076C1D1 /* DividendTests.swift */,
				90BF749920E14F6900C1DEBB /* FinancialsTests.swift */,
				90BF749F20E28D4900C1DEBB /* LastTradedPriceTests.swift */,
				9039456320F9804A00DBA0A4 /* TickerTests.swift */,
			);
			path = Models;
			sourceTree = "<group>";
		};
		9039458220F9AA6100DBA0A4 /* Entities */ = {
			isa = PBXGroup;
			children = (
				90F9B1F220FB6DE100BBD22C /* StockTicker+CoreDataClass.swift */,
				90F9B1F320FB6DE100BBD22C /* StockTicker+CoreDataProperties.swift */,
				90F9B1F420FB6DE100BBD22C /* Portfolio+CoreDataClass.swift */,
				90F9B1F520FB6DE100BBD22C /* Portfolio+CoreDataProperties.swift */,
			);
			path = Entities;
			sourceTree = "<group>";
		};
		9081270C20C58BAA00AC3ABB = {
			isa = PBXGroup;
			children = (
				90386A8320FD94E900E881C6 /* README.md */,
				9081271720C58BAA00AC3ABB /* StockPortfolioApp */,
				90CA7B4220CD122C003A9C92 /* StockPortfolioAppTests */,
				9081271620C58BAA00AC3ABB /* Products */,
				4823A2043DC92F8464EAC497 /* Pods */,
				B024CBCA557B4DBDC5F9DA4C /* Frameworks */,
			);
			sourceTree = "<group>";
		};
		9081271620C58BAA00AC3ABB /* Products */ = {
			isa = PBXGroup;
			children = (
				9081271520C58BAA00AC3ABB /* StockPortfolioApp.app */,
				90CA7B4120CD122C003A9C92 /* StockPortfolioAppTests.xctest */,
			);
			name = Products;
			sourceTree = "<group>";
		};
		9081271720C58BAA00AC3ABB /* StockPortfolioApp */ = {
			isa = PBXGroup;
			children = (
				90F099EE20C7A01A007C0BB3 /* Persistence */,
				90F099ED20C7A011007C0BB3 /* Networking */,
				90F099EC20C7A004007C0BB3 /* Models */,
				90F099EA20C79FF0007C0BB3 /* Views */,
				9081271820C58BAA00AC3ABB /* AppDelegate.swift */,
				9081271C20C58BAA00AC3ABB /* Main.storyboard */,
				9081271F20C58BAB00AC3ABB /* Assets.xcassets */,
				9081272120C58BAB00AC3ABB /* LaunchScreen.storyboard */,
				9081272420C58BAB00AC3ABB /* Info.plist */,
				907EAAC820CD1CE900F9A267 /* Constants.swift */,
			);
			path = StockPortfolioApp;
			sourceTree = "<group>";
		};
		90A1995D20F2502C00F2F561 /* Networking */ = {
			isa = PBXGroup;
			children = (
				9039455E20F75C2900DBA0A4 /* ClientIntegrationTests.swift */,
			);
			path = Networking;
			sourceTree = "<group>";
		};
		90CA7B4220CD122C003A9C92 /* StockPortfolioAppTests */ = {
			isa = PBXGroup;
			children = (
				9039456220F9802900DBA0A4 /* Models */,
				90A1995D20F2502C00F2F561 /* Networking */,
				90CA7B4520CD122C003A9C92 /* Info.plist */,
			);
			path = StockPortfolioAppTests;
			sourceTree = "<group>";
		};
		90F099EA20C79FF0007C0BB3 /* Views */ = {
			isa = PBXGroup;
			children = (
				9081271A20C58BAA00AC3ABB /* MyPortfolioViewController.swift */,
				90F9B1FA20FB927400BBD22C /* CustomTableViewCell.swift */,
				90386A7E20FC62AB00E881C6 /* PortfolioStockDetailedViewController.swift */,
				90386A8120FD128C00E881C6 /* ChartViewController.swift */,
			);
			path = Views;
			sourceTree = "<group>";
		};
		90F099EC20C7A004007C0BB3 /* Models */ = {
			isa = PBXGroup;
			children = (
				907EAACC20CF390300F9A267 /* DelayedQuote.swift */,
				90B8C5A820DE15A800DB3E81 /* Chart.swift */,
				906D3A2620DF6FD80076C1D1 /* Earning.swift */,
				906D3A2A20DF9E200076C1D1 /* Dividend.swift */,
				90BF749720E1424100C1DEBB /* Financials.swift */,
				90BF749D20E28AE300C1DEBB /* LastTradedPrice.swift */,
				90BF74B620E6146500C1DEBB /* Stock.swift */,
				9039456020F97EA200DBA0A4 /* Ticker.swift */,
			);
			path = Models;
			sourceTree = "<group>";
		};
		90F099ED20C7A011007C0BB3 /* Networking */ = {
			isa = PBXGroup;
			children = (
				90A1995520F235F500F2F561 /* EndPoint.swift */,
				90A1995720F236E700F2F561 /* API.swift */,
				90A1995920F24E6200F2F561 /* Client.swift */,
			);
			path = Networking;
			sourceTree = "<group>";
		};
		90F099EE20C7A01A007C0BB3 /* Persistence */ = {
			isa = PBXGroup;
			children = (
				9039458220F9AA6100DBA0A4 /* Entities */,
				90BF74A120E30B2600C1DEBB /* CoreDataStack.swift */,
				90F9B1EF20FB6AFE00BBD22C /* StockPortfolio_v1.xcdatamodeld */,
			);
			path = Persistence;
			sourceTree = "<group>";
		};
		B024CBCA557B4DBDC5F9DA4C /* Frameworks */ = {
			isa = PBXGroup;
			children = (
				90CA7B3920CD0833003A9C92 /* Alamofire.framework */,
				37A3E2A577E5DB2F6077115C /* Pods_StockPortfolioApp.framework */,
				1284F88ADA2AC37CF03F2BBF /* Pods_StockPortfolioAppTests.framework */,
			);
			name = Frameworks;
			sourceTree = "<group>";
		};
/* End PBXGroup section */

/* Begin PBXNativeTarget section */
		9081271420C58BAA00AC3ABB /* StockPortfolioApp */ = {
			isa = PBXNativeTarget;
			buildConfigurationList = 9081272720C58BAB00AC3ABB /* Build configuration list for PBXNativeTarget "StockPortfolioApp" */;
			buildPhases = (
				EEBEBA1B10CF49C3390B5F1E /* [CP] Check Pods Manifest.lock */,
				9081271120C58BAA00AC3ABB /* Sources */,
				9081271220C58BAA00AC3ABB /* Frameworks */,
				9081271320C58BAA00AC3ABB /* Resources */,
				D67C53FC193C9C20E6624774 /* [CP] Embed Pods Frameworks */,
			);
			buildRules = (
			);
			dependencies = (
			);
			name = StockPortfolioApp;
			productName = StockPortfolioApp;
			productReference = 9081271520C58BAA00AC3ABB /* StockPortfolioApp.app */;
			productType = "com.apple.product-type.application";
		};
		90CA7B4020CD122C003A9C92 /* StockPortfolioAppTests */ = {
			isa = PBXNativeTarget;
			buildConfigurationList = 90CA7B4820CD122C003A9C92 /* Build configuration list for PBXNativeTarget "StockPortfolioAppTests" */;
			buildPhases = (
				DA1E59BF924F9AD4E1B026CB /* [CP] Check Pods Manifest.lock */,
				90CA7B3D20CD122C003A9C92 /* Sources */,
				90CA7B3E20CD122C003A9C92 /* Frameworks */,
				90CA7B3F20CD122C003A9C92 /* Resources */,
				971D97C50403DCFC4B4C6718 /* [CP] Embed Pods Frameworks */,
			);
			buildRules = (
			);
			dependencies = (
				90CA7B4720CD122C003A9C92 /* PBXTargetDependency */,
			);
			name = StockPortfolioAppTests;
			productName = StockPortfolioAppTests;
			productReference = 90CA7B4120CD122C003A9C92 /* StockPortfolioAppTests.xctest */;
			productType = "com.apple.product-type.bundle.unit-test";
		};
/* End PBXNativeTarget section */

/* Begin PBXProject section */
		9081270D20C58BAA00AC3ABB /* Project object */ = {
			isa = PBXProject;
			attributes = {
				LastSwiftUpdateCheck = 0940;
				LastUpgradeCheck = 0940;
				ORGANIZATIONNAME = "Sujay Bhowmick";
				TargetAttributes = {
					9081271420C58BAA00AC3ABB = {
						CreatedOnToolsVersion = 9.4;
					};
					90CA7B4020CD122C003A9C92 = {
						CreatedOnToolsVersion = 9.4;
						TestTargetID = 9081271420C58BAA00AC3ABB;
					};
				};
			};
			buildConfigurationList = 9081271020C58BAA00AC3ABB /* Build configuration list for PBXProject "StockPortfolioApp" */;
			compatibilityVersion = "Xcode 9.3";
			developmentRegion = en;
			hasScannedForEncodings = 0;
			knownRegions = (
				en,
				Base,
			);
			mainGroup = 9081270C20C58BAA00AC3ABB;
			productRefGroup = 9081271620C58BAA00AC3ABB /* Products */;
			projectDirPath = "";
			projectRoot = "";
			targets = (
				9081271420C58BAA00AC3ABB /* StockPortfolioApp */,
				90CA7B4020CD122C003A9C92 /* StockPortfolioAppTests */,
			);
		};
/* End PBXProject section */

/* Begin PBXResourcesBuildPhase section */
		9081271320C58BAA00AC3ABB /* Resources */ = {
			isa = PBXResourcesBuildPhase;
			buildActionMask = 2147483647;
			files = (
				9081272320C58BAB00AC3ABB /* LaunchScreen.storyboard in Resources */,
				9081272020C58BAB00AC3ABB /* Assets.xcassets in Resources */,
				9081271E20C58BAA00AC3ABB /* Main.storyboard in Resources */,
			);
			runOnlyForDeploymentPostprocessing = 0;
		};
		90CA7B3F20CD122C003A9C92 /* Resources */ = {
			isa = PBXResourcesBuildPhase;
			buildActionMask = 2147483647;
			files = (
			);
			runOnlyForDeploymentPostprocessing = 0;
		};
/* End PBXResourcesBuildPhase section */

/* Begin PBXShellScriptBuildPhase section */
		971D97C50403DCFC4B4C6718 /* [CP] Embed Pods Frameworks */ = {
			isa = PBXShellScriptBuildPhase;
			buildActionMask = 2147483647;
			files = (
			);
			inputPaths = (
				"${SRCROOT}/Pods/Target Support Files/Pods-StockPortfolioAppTests/Pods-StockPortfolioAppTests-frameworks.sh",
				"${BUILT_PRODUCTS_DIR}/Alamofire/Alamofire.framework",
				"${BUILT_PRODUCTS_DIR}/Charts/Charts.framework",
				"${BUILT_PRODUCTS_DIR}/RxAlamofire/RxAlamofire.framework",
				"${BUILT_PRODUCTS_DIR}/RxCocoa/RxCocoa.framework",
				"${BUILT_PRODUCTS_DIR}/RxSwift/RxSwift.framework",
				"${BUILT_PRODUCTS_DIR}/SwiftyJSON/SwiftyJSON.framework",
			);
			name = "[CP] Embed Pods Frameworks";
			outputPaths = (
				"${TARGET_BUILD_DIR}/${FRAMEWORKS_FOLDER_PATH}/Alamofire.framework",
				"${TARGET_BUILD_DIR}/${FRAMEWORKS_FOLDER_PATH}/Charts.framework",
				"${TARGET_BUILD_DIR}/${FRAMEWORKS_FOLDER_PATH}/RxAlamofire.framework",
				"${TARGET_BUILD_DIR}/${FRAMEWORKS_FOLDER_PATH}/RxCocoa.framework",
				"${TARGET_BUILD_DIR}/${FRAMEWORKS_FOLDER_PATH}/RxSwift.framework",
				"${TARGET_BUILD_DIR}/${FRAMEWORKS_FOLDER_PATH}/SwiftyJSON.framework",
			);
			runOnlyForDeploymentPostprocessing = 0;
			shellPath = /bin/sh;
			shellScript = "\"${SRCROOT}/Pods/Target Support Files/Pods-StockPortfolioAppTests/Pods-StockPortfolioAppTests-frameworks.sh\"\n";
			showEnvVarsInLog = 0;
		};
		D67C53FC193C9C20E6624774 /* [CP] Embed Pods Frameworks */ = {
			isa = PBXShellScriptBuildPhase;
			buildActionMask = 2147483647;
			files = (
			);
			inputPaths = (
				"${SRCROOT}/Pods/Target Support Files/Pods-StockPortfolioApp/Pods-StockPortfolioApp-frameworks.sh",
				"${BUILT_PRODUCTS_DIR}/Alamofire/Alamofire.framework",
				"${BUILT_PRODUCTS_DIR}/Charts/Charts.framework",
				"${BUILT_PRODUCTS_DIR}/RxAlamofire/RxAlamofire.framework",
				"${BUILT_PRODUCTS_DIR}/RxCocoa/RxCocoa.framework",
				"${BUILT_PRODUCTS_DIR}/RxSwift/RxSwift.framework",
				"${BUILT_PRODUCTS_DIR}/SwiftyJSON/SwiftyJSON.framework",
			);
			name = "[CP] Embed Pods Frameworks";
			outputPaths = (
				"${TARGET_BUILD_DIR}/${FRAMEWORKS_FOLDER_PATH}/Alamofire.framework",
				"${TARGET_BUILD_DIR}/${FRAMEWORKS_FOLDER_PATH}/Charts.framework",
				"${TARGET_BUILD_DIR}/${FRAMEWORKS_FOLDER_PATH}/RxAlamofire.framework",
				"${TARGET_BUILD_DIR}/${FRAMEWORKS_FOLDER_PATH}/RxCocoa.framework",
				"${TARGET_BUILD_DIR}/${FRAMEWORKS_FOLDER_PATH}/RxSwift.framework",
				"${TARGET_BUILD_DIR}/${FRAMEWORKS_FOLDER_PATH}/SwiftyJSON.framework",
			);
			runOnlyForDeploymentPostprocessing = 0;
			shellPath = /bin/sh;
			shellScript = "\"${SRCROOT}/Pods/Target Support Files/Pods-StockPortfolioApp/Pods-StockPortfolioApp-frameworks.sh\"\n";
			showEnvVarsInLog = 0;
		};
		DA1E59BF924F9AD4E1B026CB /* [CP] Check Pods Manifest.lock */ = {
			isa = PBXShellScriptBuildPhase;
			buildActionMask = 2147483647;
			files = (
			);
			inputPaths = (
				"${PODS_PODFILE_DIR_PATH}/Podfile.lock",
				"${PODS_ROOT}/Manifest.lock",
			);
			name = "[CP] Check Pods Manifest.lock";
			outputPaths = (
				"$(DERIVED_FILE_DIR)/Pods-StockPortfolioAppTests-checkManifestLockResult.txt",
			);
			runOnlyForDeploymentPostprocessing = 0;
			shellPath = /bin/sh;
			shellScript = "diff \"${PODS_PODFILE_DIR_PATH}/Podfile.lock\" \"${PODS_ROOT}/Manifest.lock\" > /dev/null\nif [ $? != 0 ] ; then\n    # print error to STDERR\n    echo \"error: The sandbox is not in sync with the Podfile.lock. Run 'pod install' or update your CocoaPods installation.\" >&2\n    exit 1\nfi\n# This output is used by Xcode 'outputs' to avoid re-running this script phase.\necho \"SUCCESS\" > \"${SCRIPT_OUTPUT_FILE_0}\"\n";
			showEnvVarsInLog = 0;
		};
		EEBEBA1B10CF49C3390B5F1E /* [CP] Check Pods Manifest.lock */ = {
			isa = PBXShellScriptBuildPhase;
			buildActionMask = 2147483647;
			files = (
			);
			inputPaths = (
				"${PODS_PODFILE_DIR_PATH}/Podfile.lock",
				"${PODS_ROOT}/Manifest.lock",
			);
			name = "[CP] Check Pods Manifest.lock";
			outputPaths = (
				"$(DERIVED_FILE_DIR)/Pods-StockPortfolioApp-checkManifestLockResult.txt",
			);
			runOnlyForDeploymentPostprocessing = 0;
			shellPath = /bin/sh;
			shellScript = "diff \"${PODS_PODFILE_DIR_PATH}/Podfile.lock\" \"${PODS_ROOT}/Manifest.lock\" > /dev/null\nif [ $? != 0 ] ; then\n    # print error to STDERR\n    echo \"error: The sandbox is not in sync with the Podfile.lock. Run 'pod install' or update your CocoaPods installation.\" >&2\n    exit 1\nfi\n# This output is used by Xcode 'outputs' to avoid re-running this script phase.\necho \"SUCCESS\" > \"${SCRIPT_OUTPUT_FILE_0}\"\n";
			showEnvVarsInLog = 0;
		};
/* End PBXShellScriptBuildPhase section */

/* Begin PBXSourcesBuildPhase section */
		9081271120C58BAA00AC3ABB /* Sources */ = {
			isa = PBXSourcesBuildPhase;
			buildActionMask = 2147483647;
			files = (
				90F9B1F720FB6DE100BBD22C /* StockTicker+CoreDataProperties.swift in Sources */,
				90A1995820F236E700F2F561 /* API.swift in Sources */,
				9039456120F97EA200DBA0A4 /* Ticker.swift in Sources */,
				90F9B1F120FB6AFE00BBD22C /* StockPortfolio_v1.xcdatamodeld in Sources */,
				90F9B1F620FB6DE100BBD22C /* StockTicker+CoreDataClass.swift in Sources */,
				90F9B1FB20FB927400BBD22C /* CustomTableViewCell.swift in Sources */,
				90386A7F20FC62AB00E881C6 /* PortfolioStockDetailedViewController.swift in Sources */,
				90F9B1F820FB6DE100BBD22C /* Portfolio+CoreDataClass.swift in Sources */,
				90F9B1F920FB6DE100BBD22C /* Portfolio+CoreDataProperties.swift in Sources */,
				90B8C5A920DE15A800DB3E81 /* Chart.swift in Sources */,
				906D3A2720DF6FD80076C1D1 /* Earning.swift in Sources */,
				90BF749820E1424100C1DEBB /* Financials.swift in Sources */,
				906D3A2B20DF9E200076C1D1 /* Dividend.swift in Sources */,
				90BF749E20E28AE300C1DEBB /* LastTradedPrice.swift in Sources */,
				90A1995620F235F500F2F561 /* EndPoint.swift in Sources */,
				90BF74A220E30B2600C1DEBB /* CoreDataStack.swift in Sources */,
				90A1995A20F24E6200F2F561 /* Client.swift in Sources */,
				9081271B20C58BAA00AC3ABB /* MyPortfolioViewController.swift in Sources */,
				9081271920C58BAA00AC3ABB /* AppDelegate.swift in Sources */,
				907EAACD20CF390300F9A267 /* DelayedQuote.swift in Sources */,
				907EAAC920CD1CE900F9A267 /* Constants.swift in Sources */,
				90BF74B720E6146500C1DEBB /* Stock.swift in Sources */,
				90386A8220FD128C00E881C6 /* ChartViewController.swift in Sources */,
			);
			runOnlyForDeploymentPostprocessing = 0;
		};
		90CA7B3D20CD122C003A9C92 /* Sources */ = {
			isa = PBXSourcesBuildPhase;
			buildActionMask = 2147483647;
			files = (
				906D3A2920DF7ADE0076C1D1 /* EarningTests.swift in Sources */,
				906D3A2D20DF9F280076C1D1 /* DividendTests.swift in Sources */,
				90BF74A020E28D4900C1DEBB /* LastTradedPriceTests.swift in Sources */,
				90BF749A20E14F6900C1DEBB /* FinancialsTests.swift in Sources */,
				9039456420F9804A00DBA0A4 /* TickerTests.swift in Sources */,
				90B8C5A720DDEC7C00DB3E81 /* DelayedQuoteTests.swift in Sources */,
				9039455F20F75C2900DBA0A4 /* ClientIntegrationTests.swift in Sources */,
				90B8C5AB20DE2C6900DB3E81 /* ChartTests.swift in Sources */,
			);
			runOnlyForDeploymentPostprocessing = 0;
		};
/* End PBXSourcesBuildPhase section */

/* Begin PBXTargetDependency section */
		90CA7B4720CD122C003A9C92 /* PBXTargetDependency */ = {
			isa = PBXTargetDependency;
			target = 9081271420C58BAA00AC3ABB /* StockPortfolioApp */;
			targetProxy = 90CA7B4620CD122C003A9C92 /* PBXContainerItemProxy */;
		};
/* End PBXTargetDependency section */

/* Begin PBXVariantGroup section */
		9081271C20C58BAA00AC3ABB /* Main.storyboard */ = {
			isa = PBXVariantGroup;
			children = (
				9081271D20C58BAA00AC3ABB /* Base */,
			);
			name = Main.storyboard;
			sourceTree = "<group>";
		};
		9081272120C58BAB00AC3ABB /* LaunchScreen.storyboard */ = {
			isa = PBXVariantGroup;
			children = (
				9081272220C58BAB00AC3ABB /* Base */,
			);
			name = LaunchScreen.storyboard;
			sourceTree = "<group>";
		};
/* End PBXVariantGroup section */

/* Begin XCBuildConfiguration section */
		9081272520C58BAB00AC3ABB /* Debug */ = {
			isa = XCBuildConfiguration;
			buildSettings = {
				ALWAYS_SEARCH_USER_PATHS = NO;
				CLANG_ANALYZER_NONNULL = YES;
				CLANG_ANALYZER_NUMBER_OBJECT_CONVERSION = YES_AGGRESSIVE;
				CLANG_CXX_LANGUAGE_STANDARD = "gnu++14";
				CLANG_CXX_LIBRARY = "libc++";
				CLANG_ENABLE_MODULES = YES;
				CLANG_ENABLE_OBJC_ARC = YES;
				CLANG_ENABLE_OBJC_WEAK = YES;
				CLANG_WARN_BLOCK_CAPTURE_AUTORELEASING = YES;
				CLANG_WARN_BOOL_CONVERSION = YES;
				CLANG_WARN_COMMA = YES;
				CLANG_WARN_CONSTANT_CONVERSION = YES;
				CLANG_WARN_DEPRECATED_OBJC_IMPLEMENTATIONS = YES;
				CLANG_WARN_DIRECT_OBJC_ISA_USAGE = YES_ERROR;
				CLANG_WARN_DOCUMENTATION_COMMENTS = YES;
				CLANG_WARN_EMPTY_BODY = YES;
				CLANG_WARN_ENUM_CONVERSION = YES;
				CLANG_WARN_INFINITE_RECURSION = YES;
				CLANG_WARN_INT_CONVERSION = YES;
				CLANG_WARN_NON_LITERAL_NULL_CONVERSION = YES;
				CLANG_WARN_OBJC_IMPLICIT_RETAIN_SELF = YES;
				CLANG_WARN_OBJC_LITERAL_CONVERSION = YES;
				CLANG_WARN_OBJC_ROOT_CLASS = YES_ERROR;
				CLANG_WARN_RANGE_LOOP_ANALYSIS = YES;
				CLANG_WARN_STRICT_PROTOTYPES = YES;
				CLANG_WARN_SUSPICIOUS_MOVE = YES;
				CLANG_WARN_UNGUARDED_AVAILABILITY = YES_AGGRESSIVE;
				CLANG_WARN_UNREACHABLE_CODE = YES;
				CLANG_WARN__DUPLICATE_METHOD_MATCH = YES;
				CODE_SIGN_IDENTITY = "iPhone Developer";
				COPY_PHASE_STRIP = NO;
				DEBUG_INFORMATION_FORMAT = dwarf;
				ENABLE_STRICT_OBJC_MSGSEND = YES;
				ENABLE_TESTABILITY = YES;
				GCC_C_LANGUAGE_STANDARD = gnu11;
				GCC_DYNAMIC_NO_PIC = NO;
				GCC_NO_COMMON_BLOCKS = YES;
				GCC_OPTIMIZATION_LEVEL = 0;
				GCC_PREPROCESSOR_DEFINITIONS = (
					"DEBUG=1",
					"$(inherited)",
				);
				GCC_WARN_64_TO_32_BIT_CONVERSION = YES;
				GCC_WARN_ABOUT_RETURN_TYPE = YES_ERROR;
				GCC_WARN_UNDECLARED_SELECTOR = YES;
				GCC_WARN_UNINITIALIZED_AUTOS = YES_AGGRESSIVE;
				GCC_WARN_UNUSED_FUNCTION = YES;
				GCC_WARN_UNUSED_VARIABLE = YES;
				IPHONEOS_DEPLOYMENT_TARGET = 11.4;
				MTL_ENABLE_DEBUG_INFO = YES;
				ONLY_ACTIVE_ARCH = YES;
				SDKROOT = iphoneos;
				SWIFT_ACTIVE_COMPILATION_CONDITIONS = DEBUG;
				SWIFT_OPTIMIZATION_LEVEL = "-Onone";
			};
			name = Debug;
		};
		9081272620C58BAB00AC3ABB /* Release */ = {
			isa = XCBuildConfiguration;
			buildSettings = {
				ALWAYS_SEARCH_USER_PATHS = NO;
				CLANG_ANALYZER_NONNULL = YES;
				CLANG_ANALYZER_NUMBER_OBJECT_CONVERSION = YES_AGGRESSIVE;
				CLANG_CXX_LANGUAGE_STANDARD = "gnu++14";
				CLANG_CXX_LIBRARY = "libc++";
				CLANG_ENABLE_MODULES = YES;
				CLANG_ENABLE_OBJC_ARC = YES;
				CLANG_ENABLE_OBJC_WEAK = YES;
				CLANG_WARN_BLOCK_CAPTURE_AUTORELEASING = YES;
				CLANG_WARN_BOOL_CONVERSION = YES;
				CLANG_WARN_COMMA = YES;
				CLANG_WARN_CONSTANT_CONVERSION = YES;
				CLANG_WARN_DEPRECATED_OBJC_IMPLEMENTATIONS = YES;
				CLANG_WARN_DIRECT_OBJC_ISA_USAGE = YES_ERROR;
				CLANG_WARN_DOCUMENTATION_COMMENTS = YES;
				CLANG_WARN_EMPTY_BODY = YES;
				CLANG_WARN_ENUM_CONVERSION = YES;
				CLANG_WARN_INFINITE_RECURSION = YES;
				CLANG_WARN_INT_CONVERSION = YES;
				CLANG_WARN_NON_LITERAL_NULL_CONVERSION = YES;
				CLANG_WARN_OBJC_IMPLICIT_RETAIN_SELF = YES;
				CLANG_WARN_OBJC_LITERAL_CONVERSION = YES;
				CLANG_WARN_OBJC_ROOT_CLASS = YES_ERROR;
				CLANG_WARN_RANGE_LOOP_ANALYSIS = YES;
				CLANG_WARN_STRICT_PROTOTYPES = YES;
				CLANG_WARN_SUSPICIOUS_MOVE = YES;
				CLANG_WARN_UNGUARDED_AVAILABILITY = YES_AGGRESSIVE;
				CLANG_WARN_UNREACHABLE_CODE = YES;
				CLANG_WARN__DUPLICATE_METHOD_MATCH = YES;
				CODE_SIGN_IDENTITY = "iPhone Developer";
				COPY_PHASE_STRIP = NO;
				DEBUG_INFORMATION_FORMAT = "dwarf-with-dsym";
				ENABLE_NS_ASSERTIONS = NO;
				ENABLE_STRICT_OBJC_MSGSEND = YES;
				GCC_C_LANGUAGE_STANDARD = gnu11;
				GCC_NO_COMMON_BLOCKS = YES;
				GCC_WARN_64_TO_32_BIT_CONVERSION = YES;
				GCC_WARN_ABOUT_RETURN_TYPE = YES_ERROR;
				GCC_WARN_UNDECLARED_SELECTOR = YES;
				GCC_WARN_UNINITIALIZED_AUTOS = YES_AGGRESSIVE;
				GCC_WARN_UNUSED_FUNCTION = YES;
				GCC_WARN_UNUSED_VARIABLE = YES;
				IPHONEOS_DEPLOYMENT_TARGET = 11.4;
				MTL_ENABLE_DEBUG_INFO = NO;
				SDKROOT = iphoneos;
				SWIFT_COMPILATION_MODE = wholemodule;
				SWIFT_OPTIMIZATION_LEVEL = "-O";
				VALIDATE_PRODUCT = YES;
			};
			name = Release;
		};
		9081272820C58BAB00AC3ABB /* Debug */ = {
			isa = XCBuildConfiguration;
			baseConfigurationReference = F1CDBDC867A257926BB37747 /* Pods-StockPortfolioApp.debug.xcconfig */;
			buildSettings = {
				ASSETCATALOG_COMPILER_APPICON_NAME = AppIcon;
				CODE_SIGN_STYLE = Automatic;
				DEVELOPMENT_TEAM = 4XL3CX888E;
				INFOPLIST_FILE = StockPortfolioApp/Info.plist;
				LD_RUNPATH_SEARCH_PATHS = (
					"$(inherited)",
					"@executable_path/Frameworks",
				);
				PRODUCT_BUNDLE_IDENTIFIER = com.sujaybhowmick.StockPortfolioApp;
				PRODUCT_NAME = "$(TARGET_NAME)";
				SWIFT_VERSION = 4.0;
				TARGETED_DEVICE_FAMILY = "1,2";
			};
			name = Debug;
		};
		9081272920C58BAB00AC3ABB /* Release */ = {
			isa = XCBuildConfiguration;
			baseConfigurationReference = 7986B371B8D6EF0C27657879 /* Pods-StockPortfolioApp.release.xcconfig */;
			buildSettings = {
				ASSETCATALOG_COMPILER_APPICON_NAME = AppIcon;
				CODE_SIGN_STYLE = Automatic;
				DEVELOPMENT_TEAM = 4XL3CX888E;
				INFOPLIST_FILE = StockPortfolioApp/Info.plist;
				LD_RUNPATH_SEARCH_PATHS = (
					"$(inherited)",
					"@executable_path/Frameworks",
				);
				PRODUCT_BUNDLE_IDENTIFIER = com.sujaybhowmick.StockPortfolioApp;
				PRODUCT_NAME = "$(TARGET_NAME)";
				SWIFT_VERSION = 4.0;
				TARGETED_DEVICE_FAMILY = "1,2";
			};
			name = Release;
		};
		90CA7B4920CD122C003A9C92 /* Debug */ = {
			isa = XCBuildConfiguration;
			baseConfigurationReference = AC606364A20009EE86E7FE25 /* Pods-StockPortfolioAppTests.debug.xcconfig */;
			buildSettings = {
				BUNDLE_LOADER = "$(TEST_HOST)";
				CODE_SIGN_STYLE = Automatic;
				DEVELOPMENT_TEAM = 4XL3CX888E;
				INFOPLIST_FILE = StockPortfolioAppTests/Info.plist;
				LD_RUNPATH_SEARCH_PATHS = (
					"$(inherited)",
					"@executable_path/Frameworks",
					"@loader_path/Frameworks",
				);
				PRODUCT_BUNDLE_IDENTIFIER = com.sujaybhowmick.StockPortfolioAppTests;
				PRODUCT_NAME = "$(TARGET_NAME)";
				SWIFT_VERSION = 4.0;
				TARGETED_DEVICE_FAMILY = "1,2";
				TEST_HOST = "$(BUILT_PRODUCTS_DIR)/StockPortfolioApp.app/StockPortfolioApp";
			};
			name = Debug;
		};
		90CA7B4A20CD122C003A9C92 /* Release */ = {
			isa = XCBuildConfiguration;
			baseConfigurationReference = DD2C9901A85FDB041744A2B8 /* Pods-StockPortfolioAppTests.release.xcconfig */;
			buildSettings = {
				BUNDLE_LOADER = "$(TEST_HOST)";
				CODE_SIGN_STYLE = Automatic;
				DEVELOPMENT_TEAM = 4XL3CX888E;
				INFOPLIST_FILE = StockPortfolioAppTests/Info.plist;
				LD_RUNPATH_SEARCH_PATHS = (
					"$(inherited)",
					"@executable_path/Frameworks",
					"@loader_path/Frameworks",
				);
				PRODUCT_BUNDLE_IDENTIFIER = com.sujaybhowmick.StockPortfolioAppTests;
				PRODUCT_NAME = "$(TARGET_NAME)";
				SWIFT_VERSION = 4.0;
				TARGETED_DEVICE_FAMILY = "1,2";
				TEST_HOST = "$(BUILT_PRODUCTS_DIR)/StockPortfolioApp.app/StockPortfolioApp";
			};
			name = Release;
		};
/* End XCBuildConfiguration section */

/* Begin XCConfigurationList section */
		9081271020C58BAA00AC3ABB /* Build configuration list for PBXProject "StockPortfolioApp" */ = {
			isa = XCConfigurationList;
			buildConfigurations = (
				9081272520C58BAB00AC3ABB /* Debug */,
				9081272620C58BAB00AC3ABB /* Release */,
			);
			defaultConfigurationIsVisible = 0;
			defaultConfigurationName = Release;
		};
		9081272720C58BAB00AC3ABB /* Build configuration list for PBXNativeTarget "StockPortfolioApp" */ = {
			isa = XCConfigurationList;
			buildConfigurations = (
				9081272820C58BAB00AC3ABB /* Debug */,
				9081272920C58BAB00AC3ABB /* Release */,
			);
			defaultConfigurationIsVisible = 0;
			defaultConfigurationName = Release;
		};
		90CA7B4820CD122C003A9C92 /* Build configuration list for PBXNativeTarget "StockPortfolioAppTests" */ = {
			isa = XCConfigurationList;
			buildConfigurations = (
				90CA7B4920CD122C003A9C92 /* Debug */,
				90CA7B4A20CD122C003A9C92 /* Release */,
			);
			defaultConfigurationIsVisible = 0;
			defaultConfigurationName = Release;
		};
/* End XCConfigurationList section */

/* Begin XCVersionGroup section */
		90F9B1EF20FB6AFE00BBD22C /* StockPortfolio_v1.xcdatamodeld */ = {
			isa = XCVersionGroup;
			children = (
				90F9B1F020FB6AFE00BBD22C /* StockPortfolio_v1.xcdatamodel */,
			);
			currentVersion = 90F9B1F020FB6AFE00BBD22C /* StockPortfolio_v1.xcdatamodel */;
			path = StockPortfolio_v1.xcdatamodeld;
			sourceTree = "<group>";
			versionGroupType = wrapper.xcdatamodel;
		};
/* End XCVersionGroup section */
	};
	rootObject = 9081270D20C58BAA00AC3ABB /* Project object */;
}
